
Microsoft Visual Studio Solution File, Format Version 12.00
# Visual Studio 2012
Project("{FAE04EC0-301F-11D3-BF4B-00C04F79EFBC}") = "cutlink", "cutlink.csproj", "{879CD134-565C-48DB-AAAA-DF6D986A5E0F}"
EndProject
Global
	GlobalSection(SolutionConfigurationPlatforms) = preSolution
		Debug|Any CPU = Debug|Any CPU
		Release|Any CPU = Release|Any CPU
	EndGlobalSection
	GlobalSection(ProjectConfigurationPlatforms) = postSolution
		{879CD134-565C-48DB-AAAA-DF6D986A5E0F}.Debug|Any CPU.ActiveCfg = Debug|Any CPU
		{879CD134-565C-48DB-AAAA-DF6D986A5E0F}.Debug|Any CPU.Build.0 = Debug|Any CPU
		{879CD134-565C-48DB-AAAA-DF6D986A5E0F}.Release|Any CPU.ActiveCfg = Release|Any CPU
		{879CD134-565C-48DB-AAAA-DF6D986A5E0F}.Release|Any CPU.Build.0 = Release|Any CPU
	EndGlobalSection
	GlobalSection(SolutionProperties) = preSolution
		HideSolutionNode = FALSE
	EndGlobalSection
EndGlobal
